
Microsoft Visual Studio Solution File, Format Version 12.00
# Visual Studio Version 16
VisualStudioVersion = 16.0.31515.178
MinimumVisualStudioVersion = 10.0.40219.1
Project("{FAE04EC0-301F-11D3-BF4B-00C04F79EFBC}") = "1-PrimeiroProjeto", "1-PrimeiroProjeto\1-PrimeiroProjeto.csproj", "{127D37FD-1BFA-4FEE-8DA9-8CB648A78A16}"
EndProject
Project("{FAE04EC0-301F-11D3-BF4B-00C04F79EFBC}") = "2-CriandoVariaveis", "2-CriandoVariaveis\2-CriandoVariaveis.csproj", "{792F1E0C-8202-4449-82E6-A6444906AEB4}"
EndProject
Project("{FAE04EC0-301F-11D3-BF4B-00C04F79EFBC}") = "3-TestaPontoFlutuante", "3-TestaPontoFlutuante\3-TestaPontoFlutuante.csproj", "{5060AA63-A6E1-4E81-AFFB-3C7AFE637BBC}"
EndProject
Project("{FAE04EC0-301F-11D3-BF4B-00C04F79EFBC}") = "4-ConversoesEOutrosTiposNumericos", "4-ConversoesEOutrosTiposNumericos\4-ConversoesEOutrosTiposNumericos.csproj", "{1E36F2B9-97A2-4CE7-B629-502AD5E2E9F5}"
EndProject
Global
	GlobalSection(SolutionConfigurationPlatforms) = preSolution
		Debug|Any CPU = Debug|Any CPU
		Release|Any CPU = Release|Any CPU
	EndGlobalSection
	GlobalSection(ProjectConfigurationPlatforms) = postSolution
		{127D37FD-1BFA-4FEE-8DA9-8CB648A78A16}.Debug|Any CPU.ActiveCfg = Debug|Any CPU
		{127D37FD-1BFA-4FEE-8DA9-8CB648A78A16}.Debug|Any CPU.Build.0 = Debug|Any CPU
		{127D37FD-1BFA-4FEE-8DA9-8CB648A78A16}.Release|Any CPU.ActiveCfg = Release|Any CPU
		{127D37FD-1BFA-4FEE-8DA9-8CB648A78A16}.Release|Any CPU.Build.0 = Release|Any CPU
		{792F1E0C-8202-4449-82E6-A6444906AEB4}.Debug|Any CPU.ActiveCfg = Debug|Any CPU
		{792F1E0C-8202-4449-82E6-A6444906AEB4}.Debug|Any CPU.Build.0 = Debug|Any CPU
		{792F1E0C-8202-4449-82E6-A6444906AEB4}.Release|Any CPU.ActiveCfg = Release|Any CPU
		{792F1E0C-8202-4449-82E6-A6444906AEB4}.Release|Any CPU.Build.0 = Release|Any CPU
		{5060AA63-A6E1-4E81-AFFB-3C7AFE637BBC}.Debug|Any CPU.ActiveCfg = Debug|Any CPU
		{5060AA63-A6E1-4E81-AFFB-3C7AFE637BBC}.Debug|Any CPU.Build.0 = Debug|Any CPU
		{5060AA63-A6E1-4E81-AFFB-3C7AFE637BBC}.Release|Any CPU.ActiveCfg = Release|Any CPU
		{5060AA63-A6E1-4E81-AFFB-3C7AFE637BBC}.Release|Any CPU.Build.0 = Release|Any CPU
		{1E36F2B9-97A2-4CE7-B629-502AD5E2E9F5}.Debug|Any CPU.ActiveCfg = Debug|Any CPU
		{1E36F2B9-97A2-4CE7-B629-502AD5E2E9F5}.Debug|Any CPU.Build.0 = Debug|Any CPU
		{1E36F2B9-97A2-4CE7-B629-502AD5E2E9F5}.Release|Any CPU.ActiveCfg = Release|Any CPU
		{1E36F2B9-97A2-4CE7-B629-502AD5E2E9F5}.Release|Any CPU.Build.0 = Release|Any CPU
	EndGlobalSection
	GlobalSection(SolutionProperties) = preSolution
		HideSolutionNode = FALSE
	EndGlobalSection
	GlobalSection(ExtensibilityGlobals) = postSolution
		SolutionGuid = {BD93D2B9-E0D2-48EE-BAEB-7DB6C7ABB54B}
	EndGlobalSection
EndGlobal
